Microsoft Visual Studio Solution File, Format Version 12.00
# Visual Studio Version 17
VisualStudioVersion = 17.5.2.0
MinimumVisualStudioVersion = 10.0.40219.1
Project("{FAE04EC0-301F-11D3-BF4B-00C04F79EFBC}") = "Elsa.Basic.Flow", "Elsa.Basic.Flow.csproj", "{EED7DFC3-7C3F-5EC4-0A98-E9AF68DACEDD}"
EndProject
Global
	GlobalSection(SolutionConfigurationPlatforms) = preSolution
		Debug|Any CPU = Debug|Any CPU
		Release|Any CPU = Release|Any CPU
	EndGlobalSection
	GlobalSection(ProjectConfigurationPlatforms) = postSolution
		{EED7DFC3-7C3F-5EC4-0A98-E9AF68DACEDD}.Debug|Any CPU.ActiveCfg = Debug|Any CPU
		{EED7DFC3-7C3F-5EC4-0A98-E9AF68DACEDD}.Debug|Any CPU.Build.0 = Debug|Any CPU
		{EED7DFC3-7C3F-5EC4-0A98-E9AF68DACEDD}.Release|Any CPU.ActiveCfg = Release|Any CPU
		{EED7DFC3-7C3F-5EC4-0A98-E9AF68DACEDD}.Release|Any CPU.Build.0 = Release|Any CPU
	EndGlobalSection
	GlobalSection(SolutionProperties) = preSolution
		HideSolutionNode = FALSE
	EndGlobalSection
	GlobalSection(ExtensibilityGlobals) = postSolution
		SolutionGuid = {75EF43A6-0E11-425A-8AC2-123B47C83779}
	EndGlobalSection
EndGlobal
